
Microsoft Visual Studio Solution File, Format Version 12.00
# Visual Studio Version 16
VisualStudioVersion = 16.0.33927.289
MinimumVisualStudioVersion = 10.0.40219.1
Project("{2150E333-8FDC-42A3-9474-1A3956D46DE8}") = "Task0", "Task0", "{F081CEDC-0F0B-48CC-98F9-2B1DF91EC839}"
EndProject
Project("{FAE04EC0-301F-11D3-BF4B-00C04F79EFBC}") = "Tyuiu.KarpovAA.Sprint5.Task0.V10", "Tyuiu.KarpovAA.Sprint5.Task0.V10\Tyuiu.KarpovAA.Sprint5.Task0.V10.csproj", "{5E98FF38-F687-4B6D-A919-8C42219D1DEE}"
EndProject
Project("{FAE04EC0-301F-11D3-BF4B-00C04F79EFBC}") = "Tyuiu.KarpovAA.Sprint5.Task0.V10.Lib", "Tyuiu.KarpovAA.Sprint5.Task0.V10.Lib\Tyuiu.KarpovAA.Sprint5.Task0.V10.Lib.csproj", "{ABCB538A-DCC0-4EBF-B8CC-86BDA3EEFE65}"
EndProject
Project("{FAE04EC0-301F-11D3-BF4B-00C04F79EFBC}") = "Tyuiu.KarpovAA.Sprint5.Task0.V10.Test", "Tyuiu.KarpovAA.Sprint5.Task0.V10.Test\Tyuiu.KarpovAA.Sprint5.Task0.V10.Test.csproj", "{FF46F59F-89D5-4A55-B50A-09651FB02172}"
EndProject
Project("{2150E333-8FDC-42A3-9474-1A3956D46DE8}") = "Task1", "Task1", "{A9511170-C34B-486B-A8A4-EF52BAD4208D}"
EndProject
Project("{FAE04EC0-301F-11D3-BF4B-00C04F79EFBC}") = "Tyuiu.KarpovAA.Sprint5.Task1.V3", "Tyuiu.KarpovAA.Sprint5.Task1.V3\Tyuiu.KarpovAA.Sprint5.Task1.V3.csproj", "{97EBCC84-3565-42E8-95AD-E35431A043A8}"
EndProject
Project("{FAE04EC0-301F-11D3-BF4B-00C04F79EFBC}") = "Tyuiu.KarpovAA.Sprint5.Task1.V3.Lib", "Tyuiu.KarpovAA.Sprint5.Task1.V3.Lib\Tyuiu.KarpovAA.Sprint5.Task1.V3.Lib.csproj", "{C6FBE467-9E3F-4CB7-9409-3E306ACF8273}"
EndProject
Project("{FAE04EC0-301F-11D3-BF4B-00C04F79EFBC}") = "Tyuiu.KarpovAA.Sprint5.Task1.V3.Test", "Tyuiu.KarpovAA.Sprint5.Task1.V3.Test\Tyuiu.KarpovAA.Sprint5.Task1.V3.Test.csproj", "{A6852DE8-734A-4FD5-B116-6D5051939BA9}"
EndProject
Global
	GlobalSection(SolutionConfigurationPlatforms) = preSolution
		Debug|Any CPU = Debug|Any CPU
		Release|Any CPU = Release|Any CPU
	EndGlobalSection
	GlobalSection(ProjectConfigurationPlatforms) = postSolution
		{5E98FF38-F687-4B6D-A919-8C42219D1DEE}.Debug|Any CPU.ActiveCfg = Debug|Any CPU
		{5E98FF38-F687-4B6D-A919-8C42219D1DEE}.Debug|Any CPU.Build.0 = Debug|Any CPU
		{5E98FF38-F687-4B6D-A919-8C42219D1DEE}.Release|Any CPU.ActiveCfg = Release|Any CPU
		{5E98FF38-F687-4B6D-A919-8C42219D1DEE}.Release|Any CPU.Build.0 = Release|Any CPU
		{ABCB538A-DCC0-4EBF-B8CC-86BDA3EEFE65}.Debug|Any CPU.ActiveCfg = Debug|Any CPU
		{ABCB538A-DCC0-4EBF-B8CC-86BDA3EEFE65}.Debug|Any CPU.Build.0 = Debug|Any CPU
		{ABCB538A-DCC0-4EBF-B8CC-86BDA3EEFE65}.Release|Any CPU.ActiveCfg = Release|Any CPU
		{ABCB538A-DCC0-4EBF-B8CC-86BDA3EEFE65}.Release|Any CPU.Build.0 = Release|Any CPU
		{FF46F59F-89D5-4A55-B50A-09651FB02172}.Debug|Any CPU.ActiveCfg = Debug|Any CPU
		{FF46F59F-89D5-4A55-B50A-09651FB02172}.Debug|Any CPU.Build.0 = Debug|Any CPU
		{FF46F59F-89D5-4A55-B50A-09651FB02172}.Release|Any CPU.ActiveCfg = Release|Any CPU
		{FF46F59F-89D5-4A55-B50A-09651FB02172}.Release|Any CPU.Build.0 = Release|Any CPU
		{97EBCC84-3565-42E8-95AD-E35431A043A8}.Debug|Any CPU.ActiveCfg = Debug|Any CPU
		{97EBCC84-3565-42E8-95AD-E35431A043A8}.Debug|Any CPU.Build.0 = Debug|Any CPU
		{97EBCC84-3565-42E8-95AD-E35431A043A8}.Release|Any CPU.ActiveCfg = Release|Any CPU
		{97EBCC84-3565-42E8-95AD-E35431A043A8}.Release|Any CPU.Build.0 = Release|Any CPU
		{C6FBE467-9E3F-4CB7-9409-3E306ACF8273}.Debug|Any CPU.ActiveCfg = Debug|Any CPU
		{C6FBE467-9E3F-4CB7-9409-3E306ACF8273}.Debug|Any CPU.Build.0 = Debug|Any CPU
		{C6FBE467-9E3F-4CB7-9409-3E306ACF8273}.Release|Any CPU.ActiveCfg = Release|Any CPU
		{C6FBE467-9E3F-4CB7-9409-3E306ACF8273}.Release|Any CPU.Build.0 = Release|Any CPU
		{A6852DE8-734A-4FD5-B116-6D5051939BA9}.Debug|Any CPU.ActiveCfg = Debug|Any CPU
		{A6852DE8-734A-4FD5-B116-6D5051939BA9}.Debug|Any CPU.Build.0 = Debug|Any CPU
		{A6852DE8-734A-4FD5-B116-6D5051939BA9}.Release|Any CPU.ActiveCfg = Release|Any CPU
		{A6852DE8-734A-4FD5-B116-6D5051939BA9}.Release|Any CPU.Build.0 = Release|Any CPU
	EndGlobalSection
	GlobalSection(SolutionProperties) = preSolution
		HideSolutionNode = FALSE
	EndGlobalSection
	GlobalSection(NestedProjects) = preSolution
		{5E98FF38-F687-4B6D-A919-8C42219D1DEE} = {F081CEDC-0F0B-48CC-98F9-2B1DF91EC839}
		{ABCB538A-DCC0-4EBF-B8CC-86BDA3EEFE65} = {F081CEDC-0F0B-48CC-98F9-2B1DF91EC839}
		{FF46F59F-89D5-4A55-B50A-09651FB02172} = {F081CEDC-0F0B-48CC-98F9-2B1DF91EC839}
		{97EBCC84-3565-42E8-95AD-E35431A043A8} = {A9511170-C34B-486B-A8A4-EF52BAD4208D}
		{C6FBE467-9E3F-4CB7-9409-3E306ACF8273} = {A9511170-C34B-486B-A8A4-EF52BAD4208D}
		{A6852DE8-734A-4FD5-B116-6D5051939BA9} = {A9511170-C34B-486B-A8A4-EF52BAD4208D}
	EndGlobalSection
	GlobalSection(ExtensibilityGlobals) = postSolution
		SolutionGuid = {E4DE771B-EC74-4A8D-8E90-A6F79558078F}
	EndGlobalSection
EndGlobal
