
Microsoft Visual Studio Solution File, Format Version 12.00
# Visual Studio Version 16
VisualStudioVersion = 16.0.33927.289
MinimumVisualStudioVersion = 10.0.40219.1
Project("{2150E333-8FDC-42A3-9474-1A3956D46DE8}") = "Task0", "Task0", "{F081CEDC-0F0B-48CC-98F9-2B1DF91EC839}"
EndProject
Project("{FAE04EC0-301F-11D3-BF4B-00C04F79EFBC}") = "Tyuiu.KarpovAA.Sprint5.Task0.V10", "Tyuiu.KarpovAA.Sprint5.Task0.V10\Tyuiu.KarpovAA.Sprint5.Task0.V10.csproj", "{5E98FF38-F687-4B6D-A919-8C42219D1DEE}"
EndProject
Project("{FAE04EC0-301F-11D3-BF4B-00C04F79EFBC}") = "Tyuiu.KarpovAA.Sprint5.Task0.V10.Lib", "Tyuiu.KarpovAA.Sprint5.Task0.V10.Lib\Tyuiu.KarpovAA.Sprint5.Task0.V10.Lib.csproj", "{ABCB538A-DCC0-4EBF-B8CC-86BDA3EEFE65}"
EndProject
Project("{FAE04EC0-301F-11D3-BF4B-00C04F79EFBC}") = "Tyuiu.KarpovAA.Sprint5.Task0.V10.Test", "Tyuiu.KarpovAA.Sprint5.Task0.V10.Test\Tyuiu.KarpovAA.Sprint5.Task0.V10.Test.csproj", "{FF46F59F-89D5-4A55-B50A-09651FB02172}"
EndProject
Project("{2150E333-8FDC-42A3-9474-1A3956D46DE8}") = "Task1", "Task1", "{A9511170-C34B-486B-A8A4-EF52BAD4208D}"
EndProject
Project("{FAE04EC0-301F-11D3-BF4B-00C04F79EFBC}") = "Tyuiu.KarpovAA.Sprint5.Task1.V3", "Tyuiu.KarpovAA.Sprint5.Task1.V3\Tyuiu.KarpovAA.Sprint5.Task1.V3.csproj", "{97EBCC84-3565-42E8-95AD-E35431A043A8}"
EndProject
Project("{FAE04EC0-301F-11D3-BF4B-00C04F79EFBC}") = "Tyuiu.KarpovAA.Sprint5.Task1.V3.Lib", "Tyuiu.KarpovAA.Sprint5.Task1.V3.Lib\Tyuiu.KarpovAA.Sprint5.Task1.V3.Lib.csproj", "{C6FBE467-9E3F-4CB7-9409-3E306ACF8273}"
EndProject
Project("{FAE04EC0-301F-11D3-BF4B-00C04F79EFBC}") = "Tyuiu.KarpovAA.Sprint5.Task1.V3.Test", "Tyuiu.KarpovAA.Sprint5.Task1.V3.Test\Tyuiu.KarpovAA.Sprint5.Task1.V3.Test.csproj", "{A6852DE8-734A-4FD5-B116-6D5051939BA9}"
EndProject
Project("{2150E333-8FDC-42A3-9474-1A3956D46DE8}") = "Task2", "Task2", "{4E34F254-5EAB-4885-8747-36FDE7AA7A45}"
EndProject
Project("{FAE04EC0-301F-11D3-BF4B-00C04F79EFBC}") = "Tyuiu.KarpovAA.Sprint5.Task2.V24", "Tyuiu.KarpovAA.Sprint5.Task2.V24\Tyuiu.KarpovAA.Sprint5.Task2.V24.csproj", "{D99CED76-946A-4543-BCE7-FFC2187454EF}"
EndProject
Project("{FAE04EC0-301F-11D3-BF4B-00C04F79EFBC}") = "Tyuiu.KarpovAA.Sprint5.Task2.V24.Lib", "Tyuiu.KarpovAA.Sprint5.Task2.V24.Lib\Tyuiu.KarpovAA.Sprint5.Task2.V24.Lib.csproj", "{AAD17F07-42A4-4FAA-994D-AC8D22A4D8E5}"
EndProject
Project("{FAE04EC0-301F-11D3-BF4B-00C04F79EFBC}") = "Tyuiu.KarpovAA.Sprint5.Task2.V24.Test", "Tyuiu.KarpovAA.Sprint5.Task2.V24.Test\Tyuiu.KarpovAA.Sprint5.Task2.V24.Test.csproj", "{1AC01F9F-9A07-4247-921E-EEEB6B0349BE}"
EndProject
Project("{2150E333-8FDC-42A3-9474-1A3956D46DE8}") = "Task3", "Task3", "{217507D2-88DC-420D-B8A1-2417D197E56E}"
EndProject
Project("{FAE04EC0-301F-11D3-BF4B-00C04F79EFBC}") = "Tyuiu.KarpovAA.Sprint5.Task3.V12", "Tyuiu.KarpovAA.Sprint5.Task3.V12\Tyuiu.KarpovAA.Sprint5.Task3.V12.csproj", "{A0067776-30F6-4045-9F29-23FE39C1001F}"
EndProject
Project("{FAE04EC0-301F-11D3-BF4B-00C04F79EFBC}") = "Tyuiu.KarpovAA.Sprint5.Task3.V12.Lib", "Tyuiu.KarpovAA.Sprint5.Task3.V12.Lib\Tyuiu.KarpovAA.Sprint5.Task3.V12.Lib.csproj", "{D0BCB338-766A-4567-B85B-BE02C51D543F}"
EndProject
Project("{FAE04EC0-301F-11D3-BF4B-00C04F79EFBC}") = "Tyuiu.KarpovAA.Sprint5.Task3.V12.Test", "Tyuiu.KarpovAA.Sprint5.Task3.V12.Test\Tyuiu.KarpovAA.Sprint5.Task3.V12.Test.csproj", "{269B063A-2DA4-4FAB-8767-0A4C8A6C7AE6}"
EndProject
Project("{2150E333-8FDC-42A3-9474-1A3956D46DE8}") = "Task4", "Task4", "{59922044-4589-4777-9F1E-32913D0881E9}"
EndProject
Project("{FAE04EC0-301F-11D3-BF4B-00C04F79EFBC}") = "Tyuiu.KarpovAA.Sprint5.Task4.V24", "Tyuiu.KarpovAA.Sprint5.Task4.V24\Tyuiu.KarpovAA.Sprint5.Task4.V24.csproj", "{721E7039-92F5-473B-A27C-89CBC124019E}"
EndProject
Project("{FAE04EC0-301F-11D3-BF4B-00C04F79EFBC}") = "Tyuiu.KarpovAA.Sprint5.Task4.V24.Lib", "Tyuiu.KarpovAA.Sprint5.Task4.V24.Lib\Tyuiu.KarpovAA.Sprint5.Task4.V24.Lib.csproj", "{62DECE9B-C5E9-4849-9046-10715F78E30B}"
EndProject
Project("{FAE04EC0-301F-11D3-BF4B-00C04F79EFBC}") = "Tyuiu.KarpovAA.Sprint5.Task4.V24.Test", "Tyuiu.KarpovAA.Sprint5.Task4.V24.Test\Tyuiu.KarpovAA.Sprint5.Task4.V24.Test.csproj", "{3576E52B-7960-406D-98FA-8D83F7BE4669}"
EndProject
Global
	GlobalSection(SolutionConfigurationPlatforms) = preSolution
		Debug|Any CPU = Debug|Any CPU
		Release|Any CPU = Release|Any CPU
	EndGlobalSection
	GlobalSection(ProjectConfigurationPlatforms) = postSolution
		{5E98FF38-F687-4B6D-A919-8C42219D1DEE}.Debug|Any CPU.ActiveCfg = Debug|Any CPU
		{5E98FF38-F687-4B6D-A919-8C42219D1DEE}.Debug|Any CPU.Build.0 = Debug|Any CPU
		{5E98FF38-F687-4B6D-A919-8C42219D1DEE}.Release|Any CPU.ActiveCfg = Release|Any CPU
		{5E98FF38-F687-4B6D-A919-8C42219D1DEE}.Release|Any CPU.Build.0 = Release|Any CPU
		{ABCB538A-DCC0-4EBF-B8CC-86BDA3EEFE65}.Debug|Any CPU.ActiveCfg = Debug|Any CPU
		{ABCB538A-DCC0-4EBF-B8CC-86BDA3EEFE65}.Debug|Any CPU.Build.0 = Debug|Any CPU
		{ABCB538A-DCC0-4EBF-B8CC-86BDA3EEFE65}.Release|Any CPU.ActiveCfg = Release|Any CPU
		{ABCB538A-DCC0-4EBF-B8CC-86BDA3EEFE65}.Release|Any CPU.Build.0 = Release|Any CPU
		{FF46F59F-89D5-4A55-B50A-09651FB02172}.Debug|Any CPU.ActiveCfg = Debug|Any CPU
		{FF46F59F-89D5-4A55-B50A-09651FB02172}.Debug|Any CPU.Build.0 = Debug|Any CPU
		{FF46F59F-89D5-4A55-B50A-09651FB02172}.Release|Any CPU.ActiveCfg = Release|Any CPU
		{FF46F59F-89D5-4A55-B50A-09651FB02172}.Release|Any CPU.Build.0 = Release|Any CPU
		{97EBCC84-3565-42E8-95AD-E35431A043A8}.Debug|Any CPU.ActiveCfg = Debug|Any CPU
		{97EBCC84-3565-42E8-95AD-E35431A043A8}.Debug|Any CPU.Build.0 = Debug|Any CPU
		{97EBCC84-3565-42E8-95AD-E35431A043A8}.Release|Any CPU.ActiveCfg = Release|Any CPU
		{97EBCC84-3565-42E8-95AD-E35431A043A8}.Release|Any CPU.Build.0 = Release|Any CPU
		{C6FBE467-9E3F-4CB7-9409-3E306ACF8273}.Debug|Any CPU.ActiveCfg = Debug|Any CPU
		{C6FBE467-9E3F-4CB7-9409-3E306ACF8273}.Debug|Any CPU.Build.0 = Debug|Any CPU
		{C6FBE467-9E3F-4CB7-9409-3E306ACF8273}.Release|Any CPU.ActiveCfg = Release|Any CPU
		{C6FBE467-9E3F-4CB7-9409-3E306ACF8273}.Release|Any CPU.Build.0 = Release|Any CPU
		{A6852DE8-734A-4FD5-B116-6D5051939BA9}.Debug|Any CPU.ActiveCfg = Debug|Any CPU
		{A6852DE8-734A-4FD5-B116-6D5051939BA9}.Debug|Any CPU.Build.0 = Debug|Any CPU
		{A6852DE8-734A-4FD5-B116-6D5051939BA9}.Release|Any CPU.ActiveCfg = Release|Any CPU
		{A6852DE8-734A-4FD5-B116-6D5051939BA9}.Release|Any CPU.Build.0 = Release|Any CPU
		{D99CED76-946A-4543-BCE7-FFC2187454EF}.Debug|Any CPU.ActiveCfg = Debug|Any CPU
		{D99CED76-946A-4543-BCE7-FFC2187454EF}.Debug|Any CPU.Build.0 = Debug|Any CPU
		{D99CED76-946A-4543-BCE7-FFC2187454EF}.Release|Any CPU.ActiveCfg = Release|Any CPU
		{D99CED76-946A-4543-BCE7-FFC2187454EF}.Release|Any CPU.Build.0 = Release|Any CPU
		{AAD17F07-42A4-4FAA-994D-AC8D22A4D8E5}.Debug|Any CPU.ActiveCfg = Debug|Any CPU
		{AAD17F07-42A4-4FAA-994D-AC8D22A4D8E5}.Debug|Any CPU.Build.0 = Debug|Any CPU
		{AAD17F07-42A4-4FAA-994D-AC8D22A4D8E5}.Release|Any CPU.ActiveCfg = Release|Any CPU
		{AAD17F07-42A4-4FAA-994D-AC8D22A4D8E5}.Release|Any CPU.Build.0 = Release|Any CPU
		{1AC01F9F-9A07-4247-921E-EEEB6B0349BE}.Debug|Any CPU.ActiveCfg = Debug|Any CPU
		{1AC01F9F-9A07-4247-921E-EEEB6B0349BE}.Debug|Any CPU.Build.0 = Debug|Any CPU
		{1AC01F9F-9A07-4247-921E-EEEB6B0349BE}.Release|Any CPU.ActiveCfg = Release|Any CPU
		{1AC01F9F-9A07-4247-921E-EEEB6B0349BE}.Release|Any CPU.Build.0 = Release|Any CPU
		{A0067776-30F6-4045-9F29-23FE39C1001F}.Debug|Any CPU.ActiveCfg = Debug|Any CPU
		{A0067776-30F6-4045-9F29-23FE39C1001F}.Debug|Any CPU.Build.0 = Debug|Any CPU
		{A0067776-30F6-4045-9F29-23FE39C1001F}.Release|Any CPU.ActiveCfg = Release|Any CPU
		{A0067776-30F6-4045-9F29-23FE39C1001F}.Release|Any CPU.Build.0 = Release|Any CPU
		{D0BCB338-766A-4567-B85B-BE02C51D543F}.Debug|Any CPU.ActiveCfg = Debug|Any CPU
		{D0BCB338-766A-4567-B85B-BE02C51D543F}.Debug|Any CPU.Build.0 = Debug|Any CPU
		{D0BCB338-766A-4567-B85B-BE02C51D543F}.Release|Any CPU.ActiveCfg = Release|Any CPU
		{D0BCB338-766A-4567-B85B-BE02C51D543F}.Release|Any CPU.Build.0 = Release|Any CPU
		{269B063A-2DA4-4FAB-8767-0A4C8A6C7AE6}.Debug|Any CPU.ActiveCfg = Debug|Any CPU
		{269B063A-2DA4-4FAB-8767-0A4C8A6C7AE6}.Debug|Any CPU.Build.0 = Debug|Any CPU
		{269B063A-2DA4-4FAB-8767-0A4C8A6C7AE6}.Release|Any CPU.ActiveCfg = Release|Any CPU
		{269B063A-2DA4-4FAB-8767-0A4C8A6C7AE6}.Release|Any CPU.Build.0 = Release|Any CPU
		{721E7039-92F5-473B-A27C-89CBC124019E}.Debug|Any CPU.ActiveCfg = Debug|Any CPU
		{721E7039-92F5-473B-A27C-89CBC124019E}.Debug|Any CPU.Build.0 = Debug|Any CPU
		{721E7039-92F5-473B-A27C-89CBC124019E}.Release|Any CPU.ActiveCfg = Release|Any CPU
		{721E7039-92F5-473B-A27C-89CBC124019E}.Release|Any CPU.Build.0 = Release|Any CPU
		{62DECE9B-C5E9-4849-9046-10715F78E30B}.Debug|Any CPU.ActiveCfg = Debug|Any CPU
		{62DECE9B-C5E9-4849-9046-10715F78E30B}.Debug|Any CPU.Build.0 = Debug|Any CPU
		{62DECE9B-C5E9-4849-9046-10715F78E30B}.Release|Any CPU.ActiveCfg = Release|Any CPU
		{62DECE9B-C5E9-4849-9046-10715F78E30B}.Release|Any CPU.Build.0 = Release|Any CPU
		{3576E52B-7960-406D-98FA-8D83F7BE4669}.Debug|Any CPU.ActiveCfg = Debug|Any CPU
		{3576E52B-7960-406D-98FA-8D83F7BE4669}.Debug|Any CPU.Build.0 = Debug|Any CPU
		{3576E52B-7960-406D-98FA-8D83F7BE4669}.Release|Any CPU.ActiveCfg = Release|Any CPU
		{3576E52B-7960-406D-98FA-8D83F7BE4669}.Release|Any CPU.Build.0 = Release|Any CPU
	EndGlobalSection
	GlobalSection(SolutionProperties) = preSolution
		HideSolutionNode = FALSE
	EndGlobalSection
	GlobalSection(NestedProjects) = preSolution
		{5E98FF38-F687-4B6D-A919-8C42219D1DEE} = {F081CEDC-0F0B-48CC-98F9-2B1DF91EC839}
		{ABCB538A-DCC0-4EBF-B8CC-86BDA3EEFE65} = {F081CEDC-0F0B-48CC-98F9-2B1DF91EC839}
		{FF46F59F-89D5-4A55-B50A-09651FB02172} = {F081CEDC-0F0B-48CC-98F9-2B1DF91EC839}
		{97EBCC84-3565-42E8-95AD-E35431A043A8} = {A9511170-C34B-486B-A8A4-EF52BAD4208D}
		{C6FBE467-9E3F-4CB7-9409-3E306ACF8273} = {A9511170-C34B-486B-A8A4-EF52BAD4208D}
		{A6852DE8-734A-4FD5-B116-6D5051939BA9} = {A9511170-C34B-486B-A8A4-EF52BAD4208D}
		{D99CED76-946A-4543-BCE7-FFC2187454EF} = {4E34F254-5EAB-4885-8747-36FDE7AA7A45}
		{AAD17F07-42A4-4FAA-994D-AC8D22A4D8E5} = {4E34F254-5EAB-4885-8747-36FDE7AA7A45}
		{1AC01F9F-9A07-4247-921E-EEEB6B0349BE} = {4E34F254-5EAB-4885-8747-36FDE7AA7A45}
		{A0067776-30F6-4045-9F29-23FE39C1001F} = {217507D2-88DC-420D-B8A1-2417D197E56E}
		{D0BCB338-766A-4567-B85B-BE02C51D543F} = {217507D2-88DC-420D-B8A1-2417D197E56E}
		{269B063A-2DA4-4FAB-8767-0A4C8A6C7AE6} = {217507D2-88DC-420D-B8A1-2417D197E56E}
		{721E7039-92F5-473B-A27C-89CBC124019E} = {59922044-4589-4777-9F1E-32913D0881E9}
		{62DECE9B-C5E9-4849-9046-10715F78E30B} = {59922044-4589-4777-9F1E-32913D0881E9}
		{3576E52B-7960-406D-98FA-8D83F7BE4669} = {59922044-4589-4777-9F1E-32913D0881E9}
	EndGlobalSection
	GlobalSection(ExtensibilityGlobals) = postSolution
		SolutionGuid = {E4DE771B-EC74-4A8D-8E90-A6F79558078F}
	EndGlobalSection
EndGlobal
